
Microsoft Visual Studio Solution File, Format Version 12.00
# Visual Studio Version 17
VisualStudioVersion = 17.11.35327.3
MinimumVisualStudioVersion = 10.0.40219.1
Project("{FAE04EC0-301F-11D3-BF4B-00C04F79EFBC}") = "SigortaDurum", "SigortaDurum\SigortaDurum.csproj", "{88F5F3E6-25DF-4D12-8B2A-78DCAB16671F}"
EndProject
Global
	GlobalSection(SolutionConfigurationPlatforms) = preSolution
		Debug|Any CPU = Debug|Any CPU
		Release|Any CPU = Release|Any CPU
	EndGlobalSection
	GlobalSection(ProjectConfigurationPlatforms) = postSolution
		{88F5F3E6-25DF-4D12-8B2A-78DCAB16671F}.Debug|Any CPU.ActiveCfg = Debug|Any CPU
		{88F5F3E6-25DF-4D12-8B2A-78DCAB16671F}.Debug|Any CPU.Build.0 = Debug|Any CPU
		{88F5F3E6-25DF-4D12-8B2A-78DCAB16671F}.Release|Any CPU.ActiveCfg = Release|Any CPU
		{88F5F3E6-25DF-4D12-8B2A-78DCAB16671F}.Release|Any CPU.Build.0 = Release|Any CPU
	EndGlobalSection
	GlobalSection(SolutionProperties) = preSolution
		HideSolutionNode = FALSE
	EndGlobalSection
	GlobalSection(ExtensibilityGlobals) = postSolution
		SolutionGuid = {3298E0F3-4B83-4B08-AB6F-F6AA2D205967}
	EndGlobalSection
EndGlobal
